
Microsoft Visual Studio Solution File, Format Version 12.00
# Visual Studio 15
VisualStudioVersion = 15.0.27130.2026
MinimumVisualStudioVersion = 10.0.40219.1
Project("{9A19103F-16F7-4668-BE54-9A1E7A4F7556}") = "UARC.Core", "UARC.Core\UARC.Core.csproj", "{8AF7EDBA-0195-436D-B91A-BBB72CB22C75}"
EndProject
Project("{9A19103F-16F7-4668-BE54-9A1E7A4F7556}") = "UARC.Infrastructure", "UARC.Infrastructure\UARC.Infrastructure.csproj", "{4C135EF7-CAF3-453F-9794-038EAFDC1E1C}"
EndProject
Project("{9A19103F-16F7-4668-BE54-9A1E7A4F7556}") = "UARC.Web", "UARC.Web\UARC.Web.csproj", "{3246F90A-9DA7-4D1B-A4A2-E61EEB2B4530}"
EndProject
Global
	GlobalSection(SolutionConfigurationPlatforms) = preSolution
		Debug|Any CPU = Debug|Any CPU
		Release|Any CPU = Release|Any CPU
	EndGlobalSection
	GlobalSection(ProjectConfigurationPlatforms) = postSolution
		{8AF7EDBA-0195-436D-B91A-BBB72CB22C75}.Debug|Any CPU.ActiveCfg = Debug|Any CPU
		{8AF7EDBA-0195-436D-B91A-BBB72CB22C75}.Debug|Any CPU.Build.0 = Debug|Any CPU
		{8AF7EDBA-0195-436D-B91A-BBB72CB22C75}.Release|Any CPU.ActiveCfg = Release|Any CPU
		{8AF7EDBA-0195-436D-B91A-BBB72CB22C75}.Release|Any CPU.Build.0 = Release|Any CPU
		{4C135EF7-CAF3-453F-9794-038EAFDC1E1C}.Debug|Any CPU.ActiveCfg = Debug|Any CPU
		{4C135EF7-CAF3-453F-9794-038EAFDC1E1C}.Debug|Any CPU.Build.0 = Debug|Any CPU
		{4C135EF7-CAF3-453F-9794-038EAFDC1E1C}.Release|Any CPU.ActiveCfg = Release|Any CPU
		{4C135EF7-CAF3-453F-9794-038EAFDC1E1C}.Release|Any CPU.Build.0 = Release|Any CPU
		{3246F90A-9DA7-4D1B-A4A2-E61EEB2B4530}.Debug|Any CPU.ActiveCfg = Debug|Any CPU
		{3246F90A-9DA7-4D1B-A4A2-E61EEB2B4530}.Debug|Any CPU.Build.0 = Debug|Any CPU
		{3246F90A-9DA7-4D1B-A4A2-E61EEB2B4530}.Release|Any CPU.ActiveCfg = Release|Any CPU
		{3246F90A-9DA7-4D1B-A4A2-E61EEB2B4530}.Release|Any CPU.Build.0 = Release|Any CPU
	EndGlobalSection
	GlobalSection(SolutionProperties) = preSolution
		HideSolutionNode = FALSE
	EndGlobalSection
	GlobalSection(ExtensibilityGlobals) = postSolution
		SolutionGuid = {50581078-A097-4859-942A-FF4DFBF3FC10}
	EndGlobalSection
EndGlobal
